<?xml version="1.0" encoding="utf-8"?>
<Project ToolsVersion="4.0" xmlns="http://schemas.microsoft.com/developer/msbuild/2003">
  <ItemGroup>
    <Filter Include="src">
      <UniqueIdentifier>{2DAB880B-99B4-887C-2230-9F7C8E38947C}</UniqueIdentifier>
    </Filter>
    <Filter Include="src\Hazel">
      <UniqueIdentifier>{F0370AB3-5CA2-BE29-A5E0-6FCF118A9C7E}</UniqueIdentifier>
    </Filter>
    <Filter Include="src\Hazel\Core">
      <UniqueIdentifier>{48D253A8-34A0-47AE-1D34-B8D409A12313}</UniqueIdentifier>
    </Filter>
    <Filter Include="src\Hazel\Debug">
      <UniqueIdentifier>{6676DAB2-D201-4877-DB12-CB6B471DA477}</UniqueIdentifier>
    </Filter>
    <Filter Include="src\Hazel\Events">
      <UniqueIdentifier>{D495B311-C08E-D263-E9C0-B7E8D518B26F}</UniqueIdentifier>
    </Filter>
    <Filter Include="src\Hazel\ImGui">
      <UniqueIdentifier>{1AE138B3-866C-A677-8F7D-296CFB870278}</UniqueIdentifier>
    </Filter>
    <Filter Include="src\Hazel\Platform">
      <UniqueIdentifier>{44620E69-3046-CFBE-99A6-C91185A9B940}</UniqueIdentifier>
    </Filter>
    <Filter Include="src\Hazel\Platform\OpenGL">
      <UniqueIdentifier>{F856A5C4-6419-D94E-ADC9-67DB19CBB12C}</UniqueIdentifier>
    </Filter>
    <Filter Include="src\Hazel\Platform\Windows">
      <UniqueIdentifier>{7E106CB1-6A20-1882-D3D9-7CA0BF08071B}</UniqueIdentifier>
    </Filter>
    <Filter Include="src\Hazel\Renderer">
      <UniqueIdentifier>{9669EB43-824D-AC99-EBAD-A6ECD7B0961B}</UniqueIdentifier>
    </Filter>
    <Filter Include="vendor">
      <UniqueIdentifier>{B3738122-9F15-ACF8-88D0-BF4C74113349}</UniqueIdentifier>
    </Filter>
    <Filter Include="vendor\stb_image">
      <UniqueIdentifier>{0DA0BA59-F998-D9AB-22CB-BE300E23B9B7}</UniqueIdentifier>
    </Filter>
  </ItemGroup>
  <ItemGroup>
    <ClInclude Include="src\Hazel.h">
      <Filter>src</Filter>
    </ClInclude>
    <ClInclude Include="src\Hazel\Core\Application.h">
      <Filter>src\Hazel\Core</Filter>
    </ClInclude>
    <ClInclude Include="src\Hazel\Core\EntryPoint.h">
      <Filter>src\Hazel\Core</Filter>
    </ClInclude>
    <ClInclude Include="src\Hazel\Core\KeyCodes.h">
      <Filter>src\Hazel\Core</Filter>
    </ClInclude>
    <ClInclude Include="src\Hazel\Core\Layer.h">
      <Filter>src\Hazel\Core</Filter>
    </ClInclude>
    <ClInclude Include="src\Hazel\Core\LayerStack.h">
      <Filter>src\Hazel\Core</Filter>
    </ClInclude>
    <ClInclude Include="src\Hazel\Core\Log.h">
      <Filter>src\Hazel\Core</Filter>
    </ClInclude>
    <ClInclude Include="src\Hazel\Core\Timestep.h">
      <Filter>src\Hazel\Core</Filter>
    </ClInclude>
    <ClInclude Include="src\Hazel\Core\Window.h">
      <Filter>src\Hazel\Core</Filter>
    </ClInclude>
    <ClInclude Include="src\Hazel\Debug\Instrumentor.h">
      <Filter>src\Hazel\Debug</Filter>
    </ClInclude>
    <ClInclude Include="src\Hazel\Events\ApplicationEvent.h">
      <Filter>src\Hazel\Events</Filter>
    </ClInclude>
    <ClInclude Include="src\Hazel\Events\Event.h">
      <Filter>src\Hazel\Events</Filter>
    </ClInclude>
    <ClInclude Include="src\Hazel\Events\KeyEvent.h">
      <Filter>src\Hazel\Events</Filter>
    </ClInclude>
    <ClInclude Include="src\Hazel\Events\MouseEvent.h">
      <Filter>src\Hazel\Events</Filter>
    </ClInclude>
    <ClInclude Include="src\Hazel\ImGui\ImGuiLayer.h">
      <Filter>src\Hazel\ImGui</Filter>
    </ClInclude>
    <ClInclude Include="src\Hazel\Platform\OpenGL\OpenGLBuffer.h">
      <Filter>src\Hazel\Platform\OpenGL</Filter>
    </ClInclude>
    <ClInclude Include="src\Hazel\Platform\OpenGL\OpenGLContext.h">
      <Filter>src\Hazel\Platform\OpenGL</Filter>
    </ClInclude>
    <ClInclude Include="src\Hazel\Platform\OpenGL\OpenGLFramebuffer.h">
      <Filter>src\Hazel\Platform\OpenGL</Filter>
    </ClInclude>
    <ClInclude Include="src\Hazel\Platform\OpenGL\OpenGLRendererAPI.h">
      <Filter>src\Hazel\Platform\OpenGL</Filter>
    </ClInclude>
    <ClInclude Include="src\Hazel\Platform\OpenGL\OpenGLShader.h">
      <Filter>src\Hazel\Platform\OpenGL</Filter>
    </ClInclude>
    <ClInclude Include="src\Hazel\Platform\OpenGL\OpenGLTexture.h">
      <Filter>src\Hazel\Platform\OpenGL</Filter>
    </ClInclude>
    <ClInclude Include="src\Hazel\Platform\OpenGL\OpenGLVertexArray.h">
      <Filter>src\Hazel\Platform\OpenGL</Filter>
    </ClInclude>
    <ClInclude Include="src\Hazel\Platform\Windows\WindowsWindow.h">
      <Filter>src\Hazel\Platform\Windows</Filter>
    </ClInclude>
    <ClInclude Include="src\Hazel\Renderer\Buffer.h">
      <Filter>src\Hazel\Renderer</Filter>
    </ClInclude>
    <ClInclude Include="src\Hazel\Renderer\Framebuffer.h">
      <Filter>src\Hazel\Renderer</Filter>
    </ClInclude>
    <ClInclude Include="src\Hazel\Renderer\GraphicsContext.h">
      <Filter>src\Hazel\Renderer</Filter>
    </ClInclude>
    <ClInclude Include="src\Hazel\Renderer\OrthographicCamera.h">
      <Filter>src\Hazel\Renderer</Filter>
    </ClInclude>
    <ClInclude Include="src\Hazel\Renderer\OrthographicCameraController.h">
      <Filter>src\Hazel\Renderer</Filter>
    </ClInclude>
    <ClInclude Include="src\Hazel\Renderer\RenderCommand.h">
      <Filter>src\Hazel\Renderer</Filter>
    </ClInclude>
    <ClInclude Include="src\Hazel\Renderer\Renderer.h">
      <Filter>src\Hazel\Renderer</Filter>
    </ClInclude>
    <ClInclude Include="src\Hazel\Renderer\Renderer2D.h">
      <Filter>src\Hazel\Renderer</Filter>
    </ClInclude>
    <ClInclude Include="src\Hazel\Renderer\RendererAPI.h">
      <Filter>src\Hazel\Renderer</Filter>
    </ClInclude>
    <ClInclude Include="src\Hazel\Renderer\Shader.h">
      <Filter>src\Hazel\Renderer</Filter>
    </ClInclude>
    <ClInclude Include="src\Hazel\Renderer\SubTexture2D.h">
      <Filter>src\Hazel\Renderer</Filter>
    </ClInclude>
    <ClInclude Include="src\Hazel\Renderer\Texture.h">
      <Filter>src\Hazel\Renderer</Filter>
    </ClInclude>
    <ClInclude Include="src\Hazel\Renderer\VertexArray.h">
      <Filter>src\Hazel\Renderer</Filter>
    </ClInclude>
    <ClInclude Include="src\hzpch.h">
      <Filter>src</Filter>
    </ClInclude>
    <ClInclude Include="vendor\stb_image\stb_image.h">
      <Filter>vendor\stb_image</Filter>
    </ClInclude>
    <ClInclude Include="src\Hazel\Core\MouseCodes.h">
      <Filter>src\Hazel\Core</Filter>
    </ClInclude>
    <ClInclude Include="src\Hazel\Core\PlatformDetection.h" />
    <ClInclude Include="src\Hazel\Core\Base.h" />
    <ClInclude Include="src\Hazel\Core\Assert.h" />
    <ClInclude Include="src\Hazel\Core\Input.h" />
  </ItemGroup>
  <ItemGroup>
    <ClCompile Include="src\Hazel\Core\Application.cpp">
      <Filter>src\Hazel\Core</Filter>
    </ClCompile>
    <ClCompile Include="src\Hazel\Core\Layer.cpp">
      <Filter>src\Hazel\Core</Filter>
    </ClCompile>
    <ClCompile Include="src\Hazel\Core\LayerStack.cpp">
      <Filter>src\Hazel\Core</Filter>
    </ClCompile>
    <ClCompile Include="src\Hazel\Core\Log.cpp">
      <Filter>src\Hazel\Core</Filter>
    </ClCompile>
    <ClCompile Include="src\Hazel\ImGui\ImGuiBuild.cpp">
      <Filter>src\Hazel\ImGui</Filter>
    </ClCompile>
    <ClCompile Include="src\Hazel\ImGui\ImGuiLayer.cpp">
      <Filter>src\Hazel\ImGui</Filter>
    </ClCompile>
    <ClCompile Include="src\Hazel\Platform\OpenGL\OpenGLBuffer.cpp">
      <Filter>src\Hazel\Platform\OpenGL</Filter>
    </ClCompile>
    <ClCompile Include="src\Hazel\Platform\OpenGL\OpenGLContext.cpp">
      <Filter>src\Hazel\Platform\OpenGL</Filter>
    </ClCompile>
    <ClCompile Include="src\Hazel\Platform\OpenGL\OpenGLFramebuffer.cpp">
      <Filter>src\Hazel\Platform\OpenGL</Filter>
    </ClCompile>
    <ClCompile Include="src\Hazel\Platform\OpenGL\OpenGLRendererAPI.cpp">
      <Filter>src\Hazel\Platform\OpenGL</Filter>
    </ClCompile>
    <ClCompile Include="src\Hazel\Platform\OpenGL\OpenGLShader.cpp">
      <Filter>src\Hazel\Platform\OpenGL</Filter>
    </ClCompile>
    <ClCompile Include="src\Hazel\Platform\OpenGL\OpenGLTexture.cpp">
      <Filter>src\Hazel\Platform\OpenGL</Filter>
    </ClCompile>
    <ClCompile Include="src\Hazel\Platform\OpenGL\OpenGLVertexArray.cpp">
      <Filter>src\Hazel\Platform\OpenGL</Filter>
    </ClCompile>
    <ClCompile Include="src\Hazel\Platform\Windows\WindowsInput.cpp">
      <Filter>src\Hazel\Platform\Windows</Filter>
    </ClCompile>
    <ClCompile Include="src\Hazel\Platform\Windows\WindowsWindow.cpp">
      <Filter>src\Hazel\Platform\Windows</Filter>
    </ClCompile>
    <ClCompile Include="src\Hazel\Renderer\Buffer.cpp">
      <Filter>src\Hazel\Renderer</Filter>
    </ClCompile>
    <ClCompile Include="src\Hazel\Renderer\Framebuffer.cpp">
      <Filter>src\Hazel\Renderer</Filter>
    </ClCompile>
    <ClCompile Include="src\Hazel\Renderer\GraphicsContext.cpp">
      <Filter>src\Hazel\Renderer</Filter>
    </ClCompile>
    <ClCompile Include="src\Hazel\Renderer\OrthographicCamera.cpp">
      <Filter>src\Hazel\Renderer</Filter>
    </ClCompile>
    <ClCompile Include="src\Hazel\Renderer\OrthographicCameraController.cpp">
      <Filter>src\Hazel\Renderer</Filter>
    </ClCompile>
    <ClCompile Include="src\Hazel\Renderer\RenderCommand.cpp">
      <Filter>src\Hazel\Renderer</Filter>
    </ClCompile>
    <ClCompile Include="src\Hazel\Renderer\Renderer.cpp">
      <Filter>src\Hazel\Renderer</Filter>
    </ClCompile>
    <ClCompile Include="src\Hazel\Renderer\Renderer2D.cpp">
      <Filter>src\Hazel\Renderer</Filter>
    </ClCompile>
    <ClCompile Include="src\Hazel\Renderer\RendererAPI.cpp">
      <Filter>src\Hazel\Renderer</Filter>
    </ClCompile>
    <ClCompile Include="src\Hazel\Renderer\Shader.cpp">
      <Filter>src\Hazel\Renderer</Filter>
    </ClCompile>
    <ClCompile Include="src\Hazel\Renderer\SubTexture2D.cpp">
      <Filter>src\Hazel\Renderer</Filter>
    </ClCompile>
    <ClCompile Include="src\Hazel\Renderer\Texture.cpp">
      <Filter>src\Hazel\Renderer</Filter>
    </ClCompile>
    <ClCompile Include="src\Hazel\Renderer\VertexArray.cpp">
      <Filter>src\Hazel\Renderer</Filter>
    </ClCompile>
    <ClCompile Include="src\hzpch.cpp">
      <Filter>src</Filter>
    </ClCompile>
    <ClCompile Include="vendor\stb_image\stb_image.cpp">
      <Filter>vendor\stb_image</Filter>
    </ClCompile>
  </ItemGroup>
</Project>